{
  "name": "Portafolio",
  "lockfileVersion": 3,
  "requires": true,
  "packages": {
    "": {
      "dependencies": {
        "isomorphic-lolcat": "^0.3.0"
      }
    },
    "node_modules/isomorphic-lolcat": {
      "version": "0.3.0",
      "resolved": "https://registry.npmjs.org/isomorphic-lolcat/-/isomorphic-lolcat-0.3.0.tgz",
      "integrity": "sha512-sRJ2eOaO2CpT1SxBXSlatukjAIsSTNOIJAkVxnPgHW8dKl8JnfVkc156lV7MGx6ku6dUdCgXLkTb7zwzBCA8cQ=="
    }
  }
}
